
Microsoft Visual Studio Solution File, Format Version 12.00
# Visual Studio Version 17
VisualStudioVersion = 17.9.34714.143
MinimumVisualStudioVersion = 10.0.40219.1
Project("{2150E333-8FDC-42A3-9474-1A3956D46DE8}") = "Core", "Core", "{6807E995-6AD8-458E-99A5-E323BFDC16CB}"
EndProject
Project("{2150E333-8FDC-42A3-9474-1A3956D46DE8}") = "Infrastructure", "Infrastructure", "{1DE53BDE-FD4A-49B7-8DA1-53385853A27F}"
EndProject
Project("{2150E333-8FDC-42A3-9474-1A3956D46DE8}") = "Presentation", "Presentation", "{47C4D41F-AD18-40F9-A227-9D4462664705}"
EndProject
Project("{FAE04EC0-301F-11D3-BF4B-00C04F79EFBC}") = "CacheNQueue.Domain", "Core\CacheNQueue.Domain\CacheNQueue.Domain.csproj", "{A46DA3C7-75FC-4932-8F71-3BDF1F228149}"
EndProject
Project("{FAE04EC0-301F-11D3-BF4B-00C04F79EFBC}") = "CacheNQueue.Application", "Core\CacheNQueue.Application\CacheNQueue.Application.csproj", "{7C7E477A-BF27-4D60-A35A-B0BA6CCA6588}"
EndProject
Project("{FAE04EC0-301F-11D3-BF4B-00C04F79EFBC}") = "CacheNQueue.Infrastructure", "Infrastructure\CacheNQueue.Infrastructure\CacheNQueue.Infrastructure.csproj", "{217B894B-5C22-4E85-9B25-D95CAACFC259}"
EndProject
Project("{FAE04EC0-301F-11D3-BF4B-00C04F79EFBC}") = "CacheNQueue.Persistence", "Infrastructure\CacheNQueue.Persistence\CacheNQueue.Persistence.csproj", "{EA8E7D42-4961-4595-88DE-17F348F54E0B}"
EndProject
Project("{FAE04EC0-301F-11D3-BF4B-00C04F79EFBC}") = "CacheNQueue.Api", "Presentation\CacheNQueue.Api\CacheNQueue.Api.csproj", "{3964B1C0-F144-426C-9BD4-4956626E101C}"
EndProject
Global
	GlobalSection(SolutionConfigurationPlatforms) = preSolution
		Debug|Any CPU = Debug|Any CPU
		Release|Any CPU = Release|Any CPU
	EndGlobalSection
	GlobalSection(ProjectConfigurationPlatforms) = postSolution
		{A46DA3C7-75FC-4932-8F71-3BDF1F228149}.Debug|Any CPU.ActiveCfg = Debug|Any CPU
		{A46DA3C7-75FC-4932-8F71-3BDF1F228149}.Debug|Any CPU.Build.0 = Debug|Any CPU
		{A46DA3C7-75FC-4932-8F71-3BDF1F228149}.Release|Any CPU.ActiveCfg = Release|Any CPU
		{A46DA3C7-75FC-4932-8F71-3BDF1F228149}.Release|Any CPU.Build.0 = Release|Any CPU
		{7C7E477A-BF27-4D60-A35A-B0BA6CCA6588}.Debug|Any CPU.ActiveCfg = Debug|Any CPU
		{7C7E477A-BF27-4D60-A35A-B0BA6CCA6588}.Debug|Any CPU.Build.0 = Debug|Any CPU
		{7C7E477A-BF27-4D60-A35A-B0BA6CCA6588}.Release|Any CPU.ActiveCfg = Release|Any CPU
		{7C7E477A-BF27-4D60-A35A-B0BA6CCA6588}.Release|Any CPU.Build.0 = Release|Any CPU
		{217B894B-5C22-4E85-9B25-D95CAACFC259}.Debug|Any CPU.ActiveCfg = Debug|Any CPU
		{217B894B-5C22-4E85-9B25-D95CAACFC259}.Debug|Any CPU.Build.0 = Debug|Any CPU
		{217B894B-5C22-4E85-9B25-D95CAACFC259}.Release|Any CPU.ActiveCfg = Release|Any CPU
		{217B894B-5C22-4E85-9B25-D95CAACFC259}.Release|Any CPU.Build.0 = Release|Any CPU
		{EA8E7D42-4961-4595-88DE-17F348F54E0B}.Debug|Any CPU.ActiveCfg = Debug|Any CPU
		{EA8E7D42-4961-4595-88DE-17F348F54E0B}.Debug|Any CPU.Build.0 = Debug|Any CPU
		{EA8E7D42-4961-4595-88DE-17F348F54E0B}.Release|Any CPU.ActiveCfg = Release|Any CPU
		{EA8E7D42-4961-4595-88DE-17F348F54E0B}.Release|Any CPU.Build.0 = Release|Any CPU
		{3964B1C0-F144-426C-9BD4-4956626E101C}.Debug|Any CPU.ActiveCfg = Debug|Any CPU
		{3964B1C0-F144-426C-9BD4-4956626E101C}.Debug|Any CPU.Build.0 = Debug|Any CPU
		{3964B1C0-F144-426C-9BD4-4956626E101C}.Release|Any CPU.ActiveCfg = Release|Any CPU
		{3964B1C0-F144-426C-9BD4-4956626E101C}.Release|Any CPU.Build.0 = Release|Any CPU
	EndGlobalSection
	GlobalSection(SolutionProperties) = preSolution
		HideSolutionNode = FALSE
	EndGlobalSection
	GlobalSection(NestedProjects) = preSolution
		{A46DA3C7-75FC-4932-8F71-3BDF1F228149} = {6807E995-6AD8-458E-99A5-E323BFDC16CB}
		{7C7E477A-BF27-4D60-A35A-B0BA6CCA6588} = {6807E995-6AD8-458E-99A5-E323BFDC16CB}
		{217B894B-5C22-4E85-9B25-D95CAACFC259} = {1DE53BDE-FD4A-49B7-8DA1-53385853A27F}
		{EA8E7D42-4961-4595-88DE-17F348F54E0B} = {1DE53BDE-FD4A-49B7-8DA1-53385853A27F}
		{3964B1C0-F144-426C-9BD4-4956626E101C} = {47C4D41F-AD18-40F9-A227-9D4462664705}
	EndGlobalSection
	GlobalSection(ExtensibilityGlobals) = postSolution
		SolutionGuid = {514DC77C-0D83-4363-B0EE-6534EA46605B}
	EndGlobalSection
EndGlobal
